Microsoft Visual Studio Solution File, Format Version 12.00
# Visual Studio 2012
Project("{FAE04EC0-301F-11D3-BF4B-00C04F79EFBC}") = "SOM_Color", "SOM_Color\SOM_Color.csproj", "{089E8529-1132-4863-8A14-E9A5814CCB35}"
EndProject
Project("{FAE04EC0-301F-11D3-BF4B-00C04F79EFBC}") = "SOM_Image", "SOM_Image\SOM_Image.csproj", "{E1B31BD2-EE3E-4A85-8678-1B4EDE46F209}"
EndProject
Project("{FAE04EC0-301F-11D3-BF4B-00C04F79EFBC}") = "MySOM", "MySOM\MySOM.csproj", "{596107E7-0975-4562-98ED-78DFAC01D228}"
EndProject
Project("{FAE04EC0-301F-11D3-BF4B-00C04F79EFBC}") = "SOMFrutas", "SOMFrutas\SOMFrutas.csproj", "{5C37266E-7021-4C48-BA08-1B47863559BA}"
EndProject
Global
	GlobalSection(SolutionConfigurationPlatforms) = preSolution
		Debug|Any CPU = Debug|Any CPU
		Release|Any CPU = Release|Any CPU
	EndGlobalSection
	GlobalSection(ProjectConfigurationPlatforms) = postSolution
		{089E8529-1132-4863-8A14-E9A5814CCB35}.Debug|Any CPU.ActiveCfg = Debug|Any CPU
		{089E8529-1132-4863-8A14-E9A5814CCB35}.Debug|Any CPU.Build.0 = Debug|Any CPU
		{089E8529-1132-4863-8A14-E9A5814CCB35}.Release|Any CPU.ActiveCfg = Release|Any CPU
		{089E8529-1132-4863-8A14-E9A5814CCB35}.Release|Any CPU.Build.0 = Release|Any CPU
		{E1B31BD2-EE3E-4A85-8678-1B4EDE46F209}.Debug|Any CPU.ActiveCfg = Debug|Any CPU
		{E1B31BD2-EE3E-4A85-8678-1B4EDE46F209}.Debug|Any CPU.Build.0 = Debug|Any CPU
		{E1B31BD2-EE3E-4A85-8678-1B4EDE46F209}.Release|Any CPU.ActiveCfg = Release|Any CPU
		{E1B31BD2-EE3E-4A85-8678-1B4EDE46F209}.Release|Any CPU.Build.0 = Release|Any CPU
		{596107E7-0975-4562-98ED-78DFAC01D228}.Debug|Any CPU.ActiveCfg = Debug|Any CPU
		{596107E7-0975-4562-98ED-78DFAC01D228}.Debug|Any CPU.Build.0 = Debug|Any CPU
		{596107E7-0975-4562-98ED-78DFAC01D228}.Release|Any CPU.ActiveCfg = Release|Any CPU
		{596107E7-0975-4562-98ED-78DFAC01D228}.Release|Any CPU.Build.0 = Release|Any CPU
		{5C37266E-7021-4C48-BA08-1B47863559BA}.Debug|Any CPU.ActiveCfg = Debug|Any CPU
		{5C37266E-7021-4C48-BA08-1B47863559BA}.Debug|Any CPU.Build.0 = Debug|Any CPU
		{5C37266E-7021-4C48-BA08-1B47863559BA}.Release|Any CPU.ActiveCfg = Release|Any CPU
		{5C37266E-7021-4C48-BA08-1B47863559BA}.Release|Any CPU.Build.0 = Release|Any CPU
	EndGlobalSection
	GlobalSection(SolutionProperties) = preSolution
		HideSolutionNode = FALSE
	EndGlobalSection
EndGlobal
